Microsoft Visual Studio Solution File, Format Version 12.00
# Visual Studio Version 16
VisualStudioVersion = 16.0.29920.165
MinimumVisualStudioVersion = 15.0.26124.0
Project("{D954291E-2A0B-460D-934E-DC6B0785DB48}") = "TimetableApp.Shared", "TimetableApp.Shared\TimetableApp.Shared.shproj", "{6279C845-92F8-4333-AB99-3D213163593C}"
EndProject
Project("{9A19103F-16F7-4668-BE54-9A1E7A4F7556}") = "TimetableApp.Wasm", "TimetableApp.Wasm\TimetableApp.Wasm.csproj", "{40EA03F7-8A22-4143-B251-79BAC3EB13D2}"
EndProject
Project("{9A19103F-16F7-4668-BE54-9A1E7A4F7556}") = "TimetableApp.Skia.Gtk", "TimetableApp.Skia.Gtk\TimetableApp.Skia.Gtk.csproj", "{A5B8155A-118F-4794-B551-C6F3CF7E5411}"
EndProject
Project("{FAE04EC0-301F-11D3-BF4B-00C04F79EFBC}") = "TimetableApp.Droid", "TimetableApp.Droid\TimetableApp.Droid.csproj", "{13189183-D636-41D2-9D63-8DBE5BD5EB35}"
EndProject
Project("{FAE04EC0-301F-11D3-BF4B-00C04F79EFBC}") = "TimetableApp.iOS", "TimetableApp.iOS\TimetableApp.iOS.csproj", "{E600C9B2-B71D-4BF1-A7FC-64C9220A4B48}"
EndProject
Project("{FAE04EC0-301F-11D3-BF4B-00C04F79EFBC}") = "TimetableApp.macOS", "TimetableApp.macOS\TimetableApp.macOS.csproj", "{643DC49E-6ADB-4298-9F31-6B694F7A368C}"
EndProject
Global
	GlobalSection(SharedMSBuildProjectFiles) = preSolution
		TimetableApp.Shared\TimetableApp.Shared.projitems*{648b602f-c74d-41d4-af56-eff86b84135e}*SharedItemsImports = 4
		TimetableApp.Shared\TimetableApp.Shared.projitems*{f950489d-2423-4c98-9b9e-ca39920919ce}*SharedItemsImports = 5
		TimetableApp.Shared\TimetableApp.Shared.projitems*{b1fd8df4-7478-4285-86ca-3bb13be3840a}*SharedItemsImports = 4
		TimetableApp.Shared\TimetableApp.Shared.projitems*{40ea03f7-8a22-4143-b251-79bac3eb13d2}*SharedItemsImports = 5
		TimetableApp.Shared\TimetableApp.Shared.projitems*{a5b8155a-118f-4794-b551-c6f3cf7e5411}*SharedItemsImports = 5
		TimetableApp.Shared\TimetableApp.Shared.projitems*{4420f1cd-b07a-4dd8-a787-ae2987d9304e}*SharedItemsImports = 4
		TimetableApp.Shared\TimetableApp.Shared.projitems*{6279c845-92f8-4333-ab99-3d213163593c}*SharedItemsImports = 13
		TimetableApp.Shared\TimetableApp.Shared.projitems*{5925f229-aae6-47d7-9010-6542fc1df0a3}*SharedItemsImports = 4
	EndGlobalSection
	GlobalSection(SolutionConfigurationPlatforms) = preSolution
		Debug|Any CPU = Debug|Any CPU
		Debug|ARM = Debug|ARM
		Debug|ARM64 = Debug|ARM64
		Debug|iPhone = Debug|iPhone
		Debug|iPhoneSimulator = Debug|iPhoneSimulator
		Debug|x64 = Debug|x64
		Debug|x86 = Debug|x86
		Release|Any CPU = Release|Any CPU
		Release|ARM = Release|ARM
		Release|ARM64 = Release|ARM64
		Release|iPhone = Release|iPhone
		Release|iPhoneSimulator = Release|iPhoneSimulator
		Release|x64 = Release|x64
		Release|x86 = Release|x86
	EndGlobalSection
	GlobalSection(ProjectConfigurationPlatforms) = postSolution
		{A5B8155A-118F-4794-B551-C6F3CF7E5411}.Debug|Any CPU.ActiveCfg = Debug|Any CPU
		{A5B8155A-118F-4794-B551-C6F3CF7E5411}.Debug|Any CPU.Build.0 = Debug|Any CPU
		{A5B8155A-118F-4794-B551-C6F3CF7E5411}.Debug|ARM.ActiveCfg = Debug|Any CPU
		{A5B8155A-118F-4794-B551-C6F3CF7E5411}.Debug|ARM.Build.0 = Debug|Any CPU
		{A5B8155A-118F-4794-B551-C6F3CF7E5411}.Debug|ARM64.ActiveCfg = Debug|Any CPU
		{A5B8155A-118F-4794-B551-C6F3CF7E5411}.Debug|ARM64.Build.0 = Debug|Any CPU
		{A5B8155A-118F-4794-B551-C6F3CF7E5411}.Debug|iPhone.ActiveCfg = Debug|Any CPU
		{A5B8155A-118F-4794-B551-C6F3CF7E5411}.Debug|iPhone.Build.0 = Debug|Any CPU
		{A5B8155A-118F-4794-B551-C6F3CF7E5411}.Debug|iPhoneSimulator.ActiveCfg = Debug|Any CPU
		{A5B8155A-118F-4794-B551-C6F3CF7E5411}.Debug|iPhoneSimulator.Build.0 = Debug|Any CPU
		{A5B8155A-118F-4794-B551-C6F3CF7E5411}.Debug|x64.ActiveCfg = Debug|Any CPU
		{A5B8155A-118F-4794-B551-C6F3CF7E5411}.Debug|x64.Build.0 = Debug|Any CPU
		{A5B8155A-118F-4794-B551-C6F3CF7E5411}.Debug|x86.ActiveCfg = Debug|Any CPU
		{A5B8155A-118F-4794-B551-C6F3CF7E5411}.Debug|x86.Build.0 = Debug|Any CPU
		{A5B8155A-118F-4794-B551-C6F3CF7E5411}.Release|Any CPU.ActiveCfg = Release|Any CPU
		{A5B8155A-118F-4794-B551-C6F3CF7E5411}.Release|Any CPU.Build.0 = Release|Any CPU
		{A5B8155A-118F-4794-B551-C6F3CF7E5411}.Release|ARM.ActiveCfg = Release|Any CPU
		{A5B8155A-118F-4794-B551-C6F3CF7E5411}.Release|ARM.Build.0 = Release|Any CPU
		{A5B8155A-118F-4794-B551-C6F3CF7E5411}.Release|ARM64.ActiveCfg = Release|Any CPU
		{A5B8155A-118F-4794-B551-C6F3CF7E5411}.Release|ARM64.Build.0 = Release|Any CPU
		{A5B8155A-118F-4794-B551-C6F3CF7E5411}.Release|iPhone.ActiveCfg = Release|Any CPU
		{A5B8155A-118F-4794-B551-C6F3CF7E5411}.Release|iPhone.Build.0 = Release|Any CPU
		{A5B8155A-118F-4794-B551-C6F3CF7E5411}.Release|iPhoneSimulator.ActiveCfg = Release|Any CPU
		{A5B8155A-118F-4794-B551-C6F3CF7E5411}.Release|iPhoneSimulator.Build.0 = Release|Any CPU
		{A5B8155A-118F-4794-B551-C6F3CF7E5411}.Release|x64.ActiveCfg = Release|Any CPU
		{A5B8155A-118F-4794-B551-C6F3CF7E5411}.Release|x64.Build.0 = Release|Any CPU
		{A5B8155A-118F-4794-B551-C6F3CF7E5411}.Release|x86.ActiveCfg = Release|Any CPU
		{A5B8155A-118F-4794-B551-C6F3CF7E5411}.Release|x86.Build.0 = Release|Any CPU
		{40EA03F7-8A22-4143-B251-79BAC3EB13D2}.Debug|Any CPU.ActiveCfg = Debug|Any CPU
		{40EA03F7-8A22-4143-B251-79BAC3EB13D2}.Debug|Any CPU.Build.0 = Debug|Any CPU
		{40EA03F7-8A22-4143-B251-79BAC3EB13D2}.Debug|ARM.ActiveCfg = Debug|Any CPU
		{40EA03F7-8A22-4143-B251-79BAC3EB13D2}.Debug|ARM.Build.0 = Debug|Any CPU
		{40EA03F7-8A22-4143-B251-79BAC3EB13D2}.Debug|ARM64.ActiveCfg = Debug|Any CPU
		{40EA03F7-8A22-4143-B251-79BAC3EB13D2}.Debug|ARM64.Build.0 = Debug|Any CPU
		{40EA03F7-8A22-4143-B251-79BAC3EB13D2}.Debug|iPhone.ActiveCfg = Debug|Any CPU
		{40EA03F7-8A22-4143-B251-79BAC3EB13D2}.Debug|iPhone.Build.0 = Debug|Any CPU
		{40EA03F7-8A22-4143-B251-79BAC3EB13D2}.Debug|iPhoneSimulator.ActiveCfg = Debug|Any CPU
		{40EA03F7-8A22-4143-B251-79BAC3EB13D2}.Debug|iPhoneSimulator.Build.0 = Debug|Any CPU
		{40EA03F7-8A22-4143-B251-79BAC3EB13D2}.Debug|x64.ActiveCfg = Debug|Any CPU
		{40EA03F7-8A22-4143-B251-79BAC3EB13D2}.Debug|x64.Build.0 = Debug|Any CPU
		{40EA03F7-8A22-4143-B251-79BAC3EB13D2}.Debug|x86.ActiveCfg = Debug|Any CPU
		{40EA03F7-8A22-4143-B251-79BAC3EB13D2}.Debug|x86.Build.0 = Debug|Any CPU
		{40EA03F7-8A22-4143-B251-79BAC3EB13D2}.Release|Any CPU.ActiveCfg = Release|Any CPU
		{40EA03F7-8A22-4143-B251-79BAC3EB13D2}.Release|Any CPU.Build.0 = Release|Any CPU
		{40EA03F7-8A22-4143-B251-79BAC3EB13D2}.Release|ARM.ActiveCfg = Release|Any CPU
		{40EA03F7-8A22-4143-B251-79BAC3EB13D2}.Release|ARM.Build.0 = Release|Any CPU
		{40EA03F7-8A22-4143-B251-79BAC3EB13D2}.Release|ARM64.ActiveCfg = Release|Any CPU
		{40EA03F7-8A22-4143-B251-79BAC3EB13D2}.Release|ARM64.Build.0 = Release|Any CPU
		{40EA03F7-8A22-4143-B251-79BAC3EB13D2}.Release|iPhone.ActiveCfg = Release|Any CPU
		{40EA03F7-8A22-4143-B251-79BAC3EB13D2}.Release|iPhone.Build.0 = Release|Any CPU
		{40EA03F7-8A22-4143-B251-79BAC3EB13D2}.Release|iPhoneSimulator.ActiveCfg = Release|Any CPU
		{40EA03F7-8A22-4143-B251-79BAC3EB13D2}.Release|iPhoneSimulator.Build.0 = Release|Any CPU
		{40EA03F7-8A22-4143-B251-79BAC3EB13D2}.Release|x64.ActiveCfg = Release|Any CPU
		{40EA03F7-8A22-4143-B251-79BAC3EB13D2}.Release|x64.Build.0 = Release|Any CPU
		{40EA03F7-8A22-4143-B251-79BAC3EB13D2}.Release|x86.ActiveCfg = Release|Any CPU
		{40EA03F7-8A22-4143-B251-79BAC3EB13D2}.Release|x86.Build.0 = Release|Any CPU
		{13189183-D636-41D2-9D63-8DBE5BD5EB35}.Debug|Any CPU.ActiveCfg = Debug|Any CPU
		{13189183-D636-41D2-9D63-8DBE5BD5EB35}.Debug|Any CPU.Build.0 = Debug|Any CPU
		{13189183-D636-41D2-9D63-8DBE5BD5EB35}.Debug|Any CPU.Deploy.0 = Debug|Any CPU
		{13189183-D636-41D2-9D63-8DBE5BD5EB35}.Debug|ARM.ActiveCfg = Debug|Any CPU
		{13189183-D636-41D2-9D63-8DBE5BD5EB35}.Debug|ARM.Build.0 = Debug|Any CPU
		{13189183-D636-41D2-9D63-8DBE5BD5EB35}.Debug|ARM.Deploy.0 = Debug|Any CPU
		{13189183-D636-41D2-9D63-8DBE5BD5EB35}.Debug|ARM64.ActiveCfg = Debug|Any CPU
		{13189183-D636-41D2-9D63-8DBE5BD5EB35}.Debug|ARM64.Build.0 = Debug|Any CPU
		{13189183-D636-41D2-9D63-8DBE5BD5EB35}.Debug|ARM64.Deploy.0 = Debug|Any CPU
		{13189183-D636-41D2-9D63-8DBE5BD5EB35}.Debug|iPhone.ActiveCfg = Debug|Any CPU
		{13189183-D636-41D2-9D63-8DBE5BD5EB35}.Debug|iPhone.Build.0 = Debug|Any CPU
		{13189183-D636-41D2-9D63-8DBE5BD5EB35}.Debug|iPhone.Deploy.0 = Debug|Any CPU
		{13189183-D636-41D2-9D63-8DBE5BD5EB35}.Debug|iPhoneSimulator.ActiveCfg = Debug|Any CPU
		{13189183-D636-41D2-9D63-8DBE5BD5EB35}.Debug|iPhoneSimulator.Build.0 = Debug|Any CPU
		{13189183-D636-41D2-9D63-8DBE5BD5EB35}.Debug|iPhoneSimulator.Deploy.0 = Debug|Any CPU
		{13189183-D636-41D2-9D63-8DBE5BD5EB35}.Debug|x64.ActiveCfg = Debug|Any CPU
		{13189183-D636-41D2-9D63-8DBE5BD5EB35}.Debug|x64.Build.0 = Debug|Any CPU
		{13189183-D636-41D2-9D63-8DBE5BD5EB35}.Debug|x64.Deploy.0 = Debug|Any CPU
		{13189183-D636-41D2-9D63-8DBE5BD5EB35}.Debug|x86.ActiveCfg = Debug|Any CPU
		{13189183-D636-41D2-9D63-8DBE5BD5EB35}.Debug|x86.Build.0 = Debug|Any CPU
		{13189183-D636-41D2-9D63-8DBE5BD5EB35}.Debug|x86.Deploy.0 = Debug|Any CPU
		{13189183-D636-41D2-9D63-8DBE5BD5EB35}.Release|Any CPU.ActiveCfg = Release|Any CPU
		{13189183-D636-41D2-9D63-8DBE5BD5EB35}.Release|Any CPU.Build.0 = Release|Any CPU
		{13189183-D636-41D2-9D63-8DBE5BD5EB35}.Release|Any CPU.Deploy.0 = Release|Any CPU
		{13189183-D636-41D2-9D63-8DBE5BD5EB35}.Release|ARM.ActiveCfg = Release|Any CPU
		{13189183-D636-41D2-9D63-8DBE5BD5EB35}.Release|ARM.Build.0 = Release|Any CPU
		{13189183-D636-41D2-9D63-8DBE5BD5EB35}.Release|ARM.Deploy.0 = Release|Any CPU
		{13189183-D636-41D2-9D63-8DBE5BD5EB35}.Release|ARM64.ActiveCfg = Release|Any CPU
		{13189183-D636-41D2-9D63-8DBE5BD5EB35}.Release|ARM64.Build.0 = Release|Any CPU
		{13189183-D636-41D2-9D63-8DBE5BD5EB35}.Release|ARM64.Deploy.0 = Release|Any CPU
		{13189183-D636-41D2-9D63-8DBE5BD5EB35}.Release|iPhone.ActiveCfg = Release|Any CPU
		{13189183-D636-41D2-9D63-8DBE5BD5EB35}.Release|iPhone.Build.0 = Release|Any CPU
		{13189183-D636-41D2-9D63-8DBE5BD5EB35}.Release|iPhone.Deploy.0 = Release|Any CPU
		{13189183-D636-41D2-9D63-8DBE5BD5EB35}.Release|iPhoneSimulator.ActiveCfg = Release|Any CPU
		{13189183-D636-41D2-9D63-8DBE5BD5EB35}.Release|iPhoneSimulator.Build.0 = Release|Any CPU
		{13189183-D636-41D2-9D63-8DBE5BD5EB35}.Release|iPhoneSimulator.Deploy.0 = Release|Any CPU
		{13189183-D636-41D2-9D63-8DBE5BD5EB35}.Release|x64.ActiveCfg = Release|Any CPU
		{13189183-D636-41D2-9D63-8DBE5BD5EB35}.Release|x64.Build.0 = Release|Any CPU
		{13189183-D636-41D2-9D63-8DBE5BD5EB35}.Release|x64.Deploy.0 = Release|Any CPU
		{13189183-D636-41D2-9D63-8DBE5BD5EB35}.Release|x86.ActiveCfg = Release|Any CPU
		{13189183-D636-41D2-9D63-8DBE5BD5EB35}.Release|x86.Build.0 = Release|Any CPU
		{13189183-D636-41D2-9D63-8DBE5BD5EB35}.Release|x86.Deploy.0 = Release|Any CPU
		{E600C9B2-B71D-4BF1-A7FC-64C9220A4B48}.Debug|Any CPU.ActiveCfg = Debug|iPhone
		{E600C9B2-B71D-4BF1-A7FC-64C9220A4B48}.Debug|Any CPU.Build.0 = Debug|iPhone
		{E600C9B2-B71D-4BF1-A7FC-64C9220A4B48}.Debug|Any CPU.Deploy.0 = Debug|iPhone
		{E600C9B2-B71D-4BF1-A7FC-64C9220A4B48}.Debug|ARM.ActiveCfg = Debug|iPhone
		{E600C9B2-B71D-4BF1-A7FC-64C9220A4B48}.Debug|ARM64.ActiveCfg = Debug|iPhone
		{E600C9B2-B71D-4BF1-A7FC-64C9220A4B48}.Debug|iPhone.ActiveCfg = Debug|iPhone
		{E600C9B2-B71D-4BF1-A7FC-64C9220A4B48}.Debug|iPhone.Build.0 = Debug|iPhone
		{E600C9B2-B71D-4BF1-A7FC-64C9220A4B48}.Debug|iPhoneSimulator.ActiveCfg = Debug|iPhoneSimulator
		{E600C9B2-B71D-4BF1-A7FC-64C9220A4B48}.Debug|iPhoneSimulator.Build.0 = Debug|iPhoneSimulator
		{E600C9B2-B71D-4BF1-A7FC-64C9220A4B48}.Debug|x64.ActiveCfg = Debug|iPhone
		{E600C9B2-B71D-4BF1-A7FC-64C9220A4B48}.Debug|x64.Build.0 = Debug|iPhone
		{E600C9B2-B71D-4BF1-A7FC-64C9220A4B48}.Debug|x64.Deploy.0 = Debug|iPhone
		{E600C9B2-B71D-4BF1-A7FC-64C9220A4B48}.Debug|x86.ActiveCfg = Debug|iPhoneSimulator
		{E600C9B2-B71D-4BF1-A7FC-64C9220A4B48}.Debug|x86.Build.0 = Debug|iPhoneSimulator
		{E600C9B2-B71D-4BF1-A7FC-64C9220A4B48}.Debug|x86.Deploy.0 = Debug|iPhoneSimulator
		{E600C9B2-B71D-4BF1-A7FC-64C9220A4B48}.Release|Any CPU.ActiveCfg = Release|iPhone
		{E600C9B2-B71D-4BF1-A7FC-64C9220A4B48}.Release|ARM.ActiveCfg = Release|iPhone
		{E600C9B2-B71D-4BF1-A7FC-64C9220A4B48}.Release|ARM64.ActiveCfg = Release|iPhone
		{E600C9B2-B71D-4BF1-A7FC-64C9220A4B48}.Release|iPhone.ActiveCfg = Release|iPhone
		{E600C9B2-B71D-4BF1-A7FC-64C9220A4B48}.Release|iPhone.Build.0 = Release|iPhone
		{E600C9B2-B71D-4BF1-A7FC-64C9220A4B48}.Release|iPhoneSimulator.ActiveCfg = Release|iPhoneSimulator
		{E600C9B2-B71D-4BF1-A7FC-64C9220A4B48}.Release|iPhoneSimulator.Build.0 = Release|iPhoneSimulator
		{E600C9B2-B71D-4BF1-A7FC-64C9220A4B48}.Release|x64.ActiveCfg = Release|iPhoneSimulator
		{E600C9B2-B71D-4BF1-A7FC-64C9220A4B48}.Release|x64.Build.0 = Release|iPhoneSimulator
		{E600C9B2-B71D-4BF1-A7FC-64C9220A4B48}.Release|x64.Deploy.0 = Release|iPhoneSimulator
		{E600C9B2-B71D-4BF1-A7FC-64C9220A4B48}.Release|x86.ActiveCfg = Release|iPhoneSimulator
		{E600C9B2-B71D-4BF1-A7FC-64C9220A4B48}.Release|x86.Build.0 = Release|iPhoneSimulator
		{643DC49E-6ADB-4298-9F31-6B694F7A368C}.Debug|Any CPU.ActiveCfg = Debug|iPhoneSimulator
		{643DC49E-6ADB-4298-9F31-6B694F7A368C}.Debug|Any CPU.Build.0 = Debug|iPhoneSimulator
		{643DC49E-6ADB-4298-9F31-6B694F7A368C}.Debug|ARM.ActiveCfg = Debug|iPhoneSimulator
		{643DC49E-6ADB-4298-9F31-6B694F7A368C}.Debug|ARM64.ActiveCfg = Debug|iPhoneSimulator
		{643DC49E-6ADB-4298-9F31-6B694F7A368C}.Debug|iPhone.ActiveCfg = Debug|iPhoneSimulator
		{643DC49E-6ADB-4298-9F31-6B694F7A368C}.Debug|iPhone.Build.0 = Debug|iPhoneSimulator
		{643DC49E-6ADB-4298-9F31-6B694F7A368C}.Debug|iPhoneSimulator.ActiveCfg = Debug|iPhoneSimulator
		{643DC49E-6ADB-4298-9F31-6B694F7A368C}.Debug|iPhoneSimulator.Build.0 = Debug|iPhoneSimulator
		{643DC49E-6ADB-4298-9F31-6B694F7A368C}.Debug|x64.ActiveCfg = Debug|iPhoneSimulator
		{643DC49E-6ADB-4298-9F31-6B694F7A368C}.Debug|x64.Build.0 = Debug|iPhoneSimulator
		{643DC49E-6ADB-4298-9F31-6B694F7A368C}.Debug|x86.ActiveCfg = Debug|iPhoneSimulator
		{643DC49E-6ADB-4298-9F31-6B694F7A368C}.Debug|x86.Build.0 = Debug|iPhoneSimulator
		{643DC49E-6ADB-4298-9F31-6B694F7A368C}.Release|Any CPU.ActiveCfg = Release|iPhoneSimulator
		{643DC49E-6ADB-4298-9F31-6B694F7A368C}.Release|ARM.ActiveCfg = Release|iPhoneSimulator
		{643DC49E-6ADB-4298-9F31-6B694F7A368C}.Release|ARM64.ActiveCfg = Release|iPhoneSimulator
		{643DC49E-6ADB-4298-9F31-6B694F7A368C}.Release|iPhone.ActiveCfg = Release|iPhoneSimulator
		{643DC49E-6ADB-4298-9F31-6B694F7A368C}.Release|iPhone.Build.0 = Release|iPhoneSimulator
		{643DC49E-6ADB-4298-9F31-6B694F7A368C}.Release|iPhoneSimulator.ActiveCfg = Release|iPhoneSimulator
		{643DC49E-6ADB-4298-9F31-6B694F7A368C}.Release|iPhoneSimulator.Build.0 = Release|iPhoneSimulator
		{643DC49E-6ADB-4298-9F31-6B694F7A368C}.Release|x64.ActiveCfg = Release|iPhoneSimulator
		{643DC49E-6ADB-4298-9F31-6B694F7A368C}.Release|x64.Build.0 = Release|iPhoneSimulator
		{643DC49E-6ADB-4298-9F31-6B694F7A368C}.Release|x86.ActiveCfg = Release|iPhoneSimulator
		{643DC49E-6ADB-4298-9F31-6B694F7A368C}.Release|x86.Build.0 = Release|iPhoneSimulator
	EndGlobalSection
	GlobalSection(SolutionProperties) = preSolution
		HideSolutionNode = FALSE
	EndGlobalSection
	GlobalSection(ExtensibilityGlobals) = postSolution
		SolutionGuid = {C7433AE2-B1A0-4C1A-887E-5CAA7AAF67A6}
	EndGlobalSection
EndGlobal
